
Microsoft Visual Studio Solution File, Format Version 12.00
# Visual Studio 15
VisualStudioVersion = 15.0.28307.902
MinimumVisualStudioVersion = 10.0.40219.1
Project("{FAE04EC0-301F-11D3-BF4B-00C04F79EFBC}") = "cnpl", "cnpl.csproj", "{ABBF3184-364C-4D00-8944-0D889A7CA8C2}"
EndProject
Project("{8BC9CEB8-8B4A-11D0-8D11-00A0C91BC942}") = "Loader.WIN32", "Loader.WIN32\Loader.WIN32.vcxproj", "{5A92DE70-CFB3-43CC-A3BC-EF4460B70374}"
EndProject
Project("{8BC9CEB8-8B4A-11D0-8D11-00A0C91BC942}") = "Loader.Linux", "Loader.Linux\Loader.Linux.vcxproj", "{E6CA8121-3385-4F3E-B0CB-17C091D6CF31}"
EndProject
Project("{8BC9CEB8-8B4A-11D0-8D11-00A0C91BC942}") = "cnpl.win.vm", "cnpl.win.vm\cnpl.win.vm.vcxproj", "{5B2BA567-ECEE-4001-82E9-D941AB7EF34E}"
EndProject
Project("{8BC9CEB8-8B4A-11D0-8D11-00A0C91BC942}") = "cnpl.linux.vm", "cnpl.linux.vm\cnpl.linux.vm.vcxproj", "{E17F8550-9730-47A4-AF4E-0F02B0464B66}"
EndProject
Global
	GlobalSection(SolutionConfigurationPlatforms) = preSolution
		Debug|Any CPU = Debug|Any CPU
		Debug|ARM = Debug|ARM
		Debug|ARM64 = Debug|ARM64
		Debug|x64 = Debug|x64
		Debug|x86 = Debug|x86
		Release|Any CPU = Release|Any CPU
		Release|ARM = Release|ARM
		Release|ARM64 = Release|ARM64
		Release|x64 = Release|x64
		Release|x86 = Release|x86
	EndGlobalSection
	GlobalSection(ProjectConfigurationPlatforms) = postSolution
		{ABBF3184-364C-4D00-8944-0D889A7CA8C2}.Debug|Any CPU.ActiveCfg = Debug|Any CPU
		{ABBF3184-364C-4D00-8944-0D889A7CA8C2}.Debug|Any CPU.Build.0 = Debug|Any CPU
		{ABBF3184-364C-4D00-8944-0D889A7CA8C2}.Debug|ARM.ActiveCfg = Debug|Any CPU
		{ABBF3184-364C-4D00-8944-0D889A7CA8C2}.Debug|ARM.Build.0 = Debug|Any CPU
		{ABBF3184-364C-4D00-8944-0D889A7CA8C2}.Debug|ARM64.ActiveCfg = Debug|Any CPU
		{ABBF3184-364C-4D00-8944-0D889A7CA8C2}.Debug|ARM64.Build.0 = Debug|Any CPU
		{ABBF3184-364C-4D00-8944-0D889A7CA8C2}.Debug|x64.ActiveCfg = Debug|Any CPU
		{ABBF3184-364C-4D00-8944-0D889A7CA8C2}.Debug|x64.Build.0 = Debug|Any CPU
		{ABBF3184-364C-4D00-8944-0D889A7CA8C2}.Debug|x86.ActiveCfg = Debug|Any CPU
		{ABBF3184-364C-4D00-8944-0D889A7CA8C2}.Debug|x86.Build.0 = Debug|Any CPU
		{ABBF3184-364C-4D00-8944-0D889A7CA8C2}.Release|Any CPU.ActiveCfg = Release|Any CPU
		{ABBF3184-364C-4D00-8944-0D889A7CA8C2}.Release|Any CPU.Build.0 = Release|Any CPU
		{ABBF3184-364C-4D00-8944-0D889A7CA8C2}.Release|ARM.ActiveCfg = Release|Any CPU
		{ABBF3184-364C-4D00-8944-0D889A7CA8C2}.Release|ARM.Build.0 = Release|Any CPU
		{ABBF3184-364C-4D00-8944-0D889A7CA8C2}.Release|ARM64.ActiveCfg = Release|Any CPU
		{ABBF3184-364C-4D00-8944-0D889A7CA8C2}.Release|ARM64.Build.0 = Release|Any CPU
		{ABBF3184-364C-4D00-8944-0D889A7CA8C2}.Release|x64.ActiveCfg = Release|Any CPU
		{ABBF3184-364C-4D00-8944-0D889A7CA8C2}.Release|x64.Build.0 = Release|Any CPU
		{ABBF3184-364C-4D00-8944-0D889A7CA8C2}.Release|x86.ActiveCfg = Release|Any CPU
		{ABBF3184-364C-4D00-8944-0D889A7CA8C2}.Release|x86.Build.0 = Release|Any CPU
		{5A92DE70-CFB3-43CC-A3BC-EF4460B70374}.Debug|Any CPU.ActiveCfg = Debug|Win32
		{5A92DE70-CFB3-43CC-A3BC-EF4460B70374}.Debug|ARM.ActiveCfg = Debug|Win32
		{5A92DE70-CFB3-43CC-A3BC-EF4460B70374}.Debug|ARM64.ActiveCfg = Debug|Win32
		{5A92DE70-CFB3-43CC-A3BC-EF4460B70374}.Debug|x64.ActiveCfg = Debug|x64
		{5A92DE70-CFB3-43CC-A3BC-EF4460B70374}.Debug|x64.Build.0 = Debug|x64
		{5A92DE70-CFB3-43CC-A3BC-EF4460B70374}.Debug|x86.ActiveCfg = Debug|Win32
		{5A92DE70-CFB3-43CC-A3BC-EF4460B70374}.Debug|x86.Build.0 = Debug|Win32
		{5A92DE70-CFB3-43CC-A3BC-EF4460B70374}.Release|Any CPU.ActiveCfg = Release|Win32
		{5A92DE70-CFB3-43CC-A3BC-EF4460B70374}.Release|ARM.ActiveCfg = Release|ARM
		{5A92DE70-CFB3-43CC-A3BC-EF4460B70374}.Release|ARM.Build.0 = Release|ARM
		{5A92DE70-CFB3-43CC-A3BC-EF4460B70374}.Release|ARM64.ActiveCfg = Release|ARM64
		{5A92DE70-CFB3-43CC-A3BC-EF4460B70374}.Release|x64.ActiveCfg = Release|ARM
		{5A92DE70-CFB3-43CC-A3BC-EF4460B70374}.Release|x64.Build.0 = Release|ARM
		{5A92DE70-CFB3-43CC-A3BC-EF4460B70374}.Release|x86.ActiveCfg = Release|Win32
		{5A92DE70-CFB3-43CC-A3BC-EF4460B70374}.Release|x86.Build.0 = Release|Win32
		{E6CA8121-3385-4F3E-B0CB-17C091D6CF31}.Debug|Any CPU.ActiveCfg = Debug|x86
		{E6CA8121-3385-4F3E-B0CB-17C091D6CF31}.Debug|ARM.ActiveCfg = Debug|ARM
		{E6CA8121-3385-4F3E-B0CB-17C091D6CF31}.Debug|ARM.Build.0 = Debug|ARM
		{E6CA8121-3385-4F3E-B0CB-17C091D6CF31}.Debug|ARM64.ActiveCfg = Debug|ARM64
		{E6CA8121-3385-4F3E-B0CB-17C091D6CF31}.Debug|ARM64.Build.0 = Debug|ARM64
		{E6CA8121-3385-4F3E-B0CB-17C091D6CF31}.Debug|x64.ActiveCfg = Debug|x64
		{E6CA8121-3385-4F3E-B0CB-17C091D6CF31}.Debug|x64.Build.0 = Debug|x64
		{E6CA8121-3385-4F3E-B0CB-17C091D6CF31}.Debug|x86.ActiveCfg = Debug|x86
		{E6CA8121-3385-4F3E-B0CB-17C091D6CF31}.Debug|x86.Build.0 = Debug|x86
		{E6CA8121-3385-4F3E-B0CB-17C091D6CF31}.Release|Any CPU.ActiveCfg = Release|x86
		{E6CA8121-3385-4F3E-B0CB-17C091D6CF31}.Release|ARM.ActiveCfg = Release|ARM
		{E6CA8121-3385-4F3E-B0CB-17C091D6CF31}.Release|ARM.Build.0 = Release|ARM
		{E6CA8121-3385-4F3E-B0CB-17C091D6CF31}.Release|ARM64.ActiveCfg = Release|ARM64
		{E6CA8121-3385-4F3E-B0CB-17C091D6CF31}.Release|ARM64.Build.0 = Release|ARM64
		{E6CA8121-3385-4F3E-B0CB-17C091D6CF31}.Release|x64.ActiveCfg = Release|x64
		{E6CA8121-3385-4F3E-B0CB-17C091D6CF31}.Release|x64.Build.0 = Release|x64
		{E6CA8121-3385-4F3E-B0CB-17C091D6CF31}.Release|x86.ActiveCfg = Release|x86
		{E6CA8121-3385-4F3E-B0CB-17C091D6CF31}.Release|x86.Build.0 = Release|x86
		{5B2BA567-ECEE-4001-82E9-D941AB7EF34E}.Debug|Any CPU.ActiveCfg = Debug|Win32
		{5B2BA567-ECEE-4001-82E9-D941AB7EF34E}.Debug|ARM.ActiveCfg = Debug|Win32
		{5B2BA567-ECEE-4001-82E9-D941AB7EF34E}.Debug|ARM64.ActiveCfg = Debug|Win32
		{5B2BA567-ECEE-4001-82E9-D941AB7EF34E}.Debug|x64.ActiveCfg = Debug|x64
		{5B2BA567-ECEE-4001-82E9-D941AB7EF34E}.Debug|x64.Build.0 = Debug|x64
		{5B2BA567-ECEE-4001-82E9-D941AB7EF34E}.Debug|x86.ActiveCfg = Debug|Win32
		{5B2BA567-ECEE-4001-82E9-D941AB7EF34E}.Debug|x86.Build.0 = Debug|Win32
		{5B2BA567-ECEE-4001-82E9-D941AB7EF34E}.Release|Any CPU.ActiveCfg = Release|Win32
		{5B2BA567-ECEE-4001-82E9-D941AB7EF34E}.Release|ARM.ActiveCfg = Release|Win32
		{5B2BA567-ECEE-4001-82E9-D941AB7EF34E}.Release|ARM64.ActiveCfg = Release|Win32
		{5B2BA567-ECEE-4001-82E9-D941AB7EF34E}.Release|x64.ActiveCfg = Release|x64
		{5B2BA567-ECEE-4001-82E9-D941AB7EF34E}.Release|x64.Build.0 = Release|x64
		{5B2BA567-ECEE-4001-82E9-D941AB7EF34E}.Release|x86.ActiveCfg = Release|Win32
		{5B2BA567-ECEE-4001-82E9-D941AB7EF34E}.Release|x86.Build.0 = Release|Win32
		{E17F8550-9730-47A4-AF4E-0F02B0464B66}.Debug|Any CPU.ActiveCfg = Debug|x86
		{E17F8550-9730-47A4-AF4E-0F02B0464B66}.Debug|ARM.ActiveCfg = Debug|ARM
		{E17F8550-9730-47A4-AF4E-0F02B0464B66}.Debug|ARM.Build.0 = Debug|ARM
		{E17F8550-9730-47A4-AF4E-0F02B0464B66}.Debug|ARM64.ActiveCfg = Debug|ARM64
		{E17F8550-9730-47A4-AF4E-0F02B0464B66}.Debug|ARM64.Build.0 = Debug|ARM64
		{E17F8550-9730-47A4-AF4E-0F02B0464B66}.Debug|x64.ActiveCfg = Debug|x64
		{E17F8550-9730-47A4-AF4E-0F02B0464B66}.Debug|x64.Build.0 = Debug|x64
		{E17F8550-9730-47A4-AF4E-0F02B0464B66}.Debug|x86.ActiveCfg = Debug|x86
		{E17F8550-9730-47A4-AF4E-0F02B0464B66}.Debug|x86.Build.0 = Debug|x86
		{E17F8550-9730-47A4-AF4E-0F02B0464B66}.Release|Any CPU.ActiveCfg = Release|x86
		{E17F8550-9730-47A4-AF4E-0F02B0464B66}.Release|ARM.ActiveCfg = Release|ARM
		{E17F8550-9730-47A4-AF4E-0F02B0464B66}.Release|ARM.Build.0 = Release|ARM
		{E17F8550-9730-47A4-AF4E-0F02B0464B66}.Release|ARM64.ActiveCfg = Release|ARM64
		{E17F8550-9730-47A4-AF4E-0F02B0464B66}.Release|ARM64.Build.0 = Release|ARM64
		{E17F8550-9730-47A4-AF4E-0F02B0464B66}.Release|x64.ActiveCfg = Release|x64
		{E17F8550-9730-47A4-AF4E-0F02B0464B66}.Release|x64.Build.0 = Release|x64
		{E17F8550-9730-47A4-AF4E-0F02B0464B66}.Release|x86.ActiveCfg = Release|x86
		{E17F8550-9730-47A4-AF4E-0F02B0464B66}.Release|x86.Build.0 = Release|x86
	EndGlobalSection
	GlobalSection(SolutionProperties) = preSolution
		HideSolutionNode = FALSE
	EndGlobalSection
	GlobalSection(ExtensibilityGlobals) = postSolution
		SolutionGuid = {66E8AAF4-2CFA-4091-9DBE-22A5DFB1C9B2}
	EndGlobalSection
EndGlobal
